
Microsoft Visual Studio Solution File, Format Version 12.00
# Visual Studio Version 17
VisualStudioVersion = 17.9.34723.18
MinimumVisualStudioVersion = 10.0.40219.1
Project("{888888A0-9F3D-457C-B088-3A5042F75D52}") = "ExtraccionAssets", "ExtraccionAssets.pyproj", "{9E56AE3F-342C-4E8A-975D-F5B97D3DDEF7}"
EndProject
Global
	GlobalSection(SolutionConfigurationPlatforms) = preSolution
		Debug|Any CPU = Debug|Any CPU
		Release|Any CPU = Release|Any CPU
	EndGlobalSection
	GlobalSection(ProjectConfigurationPlatforms) = postSolution
		{9E56AE3F-342C-4E8A-975D-F5B97D3DDEF7}.Debug|Any CPU.ActiveCfg = Debug|Any CPU
		{9E56AE3F-342C-4E8A-975D-F5B97D3DDEF7}.Release|Any CPU.ActiveCfg = Release|Any CPU
	EndGlobalSection
	GlobalSection(SolutionProperties) = preSolution
		HideSolutionNode = FALSE
	EndGlobalSection
	GlobalSection(ExtensibilityGlobals) = postSolution
		SolutionGuid = {F5A3CD11-D8A0-4811-B424-02DE12BFDE2E}
	EndGlobalSection
EndGlobal
