
Microsoft Visual Studio Solution File, Format Version 12.00
# Visual Studio Version 17
VisualStudioVersion = 17.9.34723.18
MinimumVisualStudioVersion = 10.0.40219.1
Project("{FAE04EC0-301F-11D3-BF4B-00C04F79EFBC}") = "ProyectoPrueba", "ProyectoPrueba.csproj", "{C882A8C4-2197-45E6-BF59-05F959F7B750}"
EndProject
Global
	GlobalSection(SolutionConfigurationPlatforms) = preSolution
		Debug|Any CPU = Debug|Any CPU
		Release|Any CPU = Release|Any CPU
	EndGlobalSection
	GlobalSection(ProjectConfigurationPlatforms) = postSolution
		{C882A8C4-2197-45E6-BF59-05F959F7B750}.Debug|Any CPU.ActiveCfg = Debug|Any CPU
		{C882A8C4-2197-45E6-BF59-05F959F7B750}.Debug|Any CPU.Build.0 = Debug|Any CPU
		{C882A8C4-2197-45E6-BF59-05F959F7B750}.Release|Any CPU.ActiveCfg = Release|Any CPU
		{C882A8C4-2197-45E6-BF59-05F959F7B750}.Release|Any CPU.Build.0 = Release|Any CPU
	EndGlobalSection
	GlobalSection(SolutionProperties) = preSolution
		HideSolutionNode = FALSE
	EndGlobalSection
	GlobalSection(ExtensibilityGlobals) = postSolution
		SolutionGuid = {B709A6C0-57BC-4A76-A885-09BDED24BA9B}
	EndGlobalSection
EndGlobal
